Microsoft Visual Studio Solution File, Format Version 12.00
# Visual Studio Version 17
VisualStudioVersion = 17.5.2.0
MinimumVisualStudioVersion = 10.0.40219.1
Project("{FAE04EC0-301F-11D3-BF4B-00C04F79EFBC}") = "CS435-CSharpTodoList", "CS435-CSharpTodoList.csproj", "{398F8838-83D7-DA12-F9F3-2283074F3284}"
EndProject
Global
	GlobalSection(SolutionConfigurationPlatforms) = preSolution
		Debug|Any CPU = Debug|Any CPU
		Release|Any CPU = Release|Any CPU
	EndGlobalSection
	GlobalSection(ProjectConfigurationPlatforms) = postSolution
		{398F8838-83D7-DA12-F9F3-2283074F3284}.Debug|Any CPU.ActiveCfg = Debug|Any CPU
		{398F8838-83D7-DA12-F9F3-2283074F3284}.Debug|Any CPU.Build.0 = Debug|Any CPU
		{398F8838-83D7-DA12-F9F3-2283074F3284}.Release|Any CPU.ActiveCfg = Release|Any CPU
		{398F8838-83D7-DA12-F9F3-2283074F3284}.Release|Any CPU.Build.0 = Release|Any CPU
	EndGlobalSection
	GlobalSection(SolutionProperties) = preSolution
		HideSolutionNode = FALSE
	EndGlobalSection
	GlobalSection(ExtensibilityGlobals) = postSolution
		SolutionGuid = {F61EFF30-2DA0-46BB-BF3F-C52C9E49616C}
	EndGlobalSection
EndGlobal
